{
	"requires": true,
	"lockfileVersion": 1,
	"dependencies": {
		"lix": {
			"version": "15.4.1",
			"resolved": "https://registry.npmjs.org/lix/-/lix-15.4.1.tgz",
			"integrity": "sha512-hJAve5Y1EmjVyO8WA/krTfsDdMqsiTI2YH2ZPUkSK0XgbeIGs1dwBup8VtJMbEHYjTON9ySWy4W0ZCgBabSnBw==",
			"dev": true
		}
	}
}
